
Microsoft Visual Studio Solution File, Format Version 12.00
# Visual Studio Version 17
VisualStudioVersion = 17.4.33103.184
MinimumVisualStudioVersion = 10.0.40219.1
Project("{FAE04EC0-301F-11D3-BF4B-00C04F79EFBC}") = "HomeWorkLINQ", "HomeWorkLINQ\HomeWorkLINQ.csproj", "{2F909F1B-E8B3-4BAB-A772-8208F013CBD9}"
EndProject
Global
	GlobalSection(SolutionConfigurationPlatforms) = preSolution
		Debug|Any CPU = Debug|Any CPU
		Release|Any CPU = Release|Any CPU
	EndGlobalSection
	GlobalSection(ProjectConfigurationPlatforms) = postSolution
		{2F909F1B-E8B3-4BAB-A772-8208F013CBD9}.Debug|Any CPU.ActiveCfg = Debug|Any CPU
		{2F909F1B-E8B3-4BAB-A772-8208F013CBD9}.Debug|Any CPU.Build.0 = Debug|Any CPU
		{2F909F1B-E8B3-4BAB-A772-8208F013CBD9}.Release|Any CPU.ActiveCfg = Release|Any CPU
		{2F909F1B-E8B3-4BAB-A772-8208F013CBD9}.Release|Any CPU.Build.0 = Release|Any CPU
	EndGlobalSection
	GlobalSection(SolutionProperties) = preSolution
		HideSolutionNode = FALSE
	EndGlobalSection
	GlobalSection(ExtensibilityGlobals) = postSolution
		SolutionGuid = {F3172D6C-8E31-4EE9-8118-3517DFF9A045}
	EndGlobalSection
EndGlobal
